
Microsoft Visual Studio Solution File, Format Version 12.00
# Visual Studio 15
VisualStudioVersion = 15.0.26730.16
MinimumVisualStudioVersion = 10.0.40219.1
Project("{FAE04EC0-301F-11D3-BF4B-00C04F79EFBC}") = "StudentManagerSystem", "学籍管理系统-02\StudentManagerSystem.csproj", "{CA6B5E07-919D-4325-A3AE-609E0F698342}"
EndProject
Global
	GlobalSection(SolutionConfigurationPlatforms) = preSolution
		Debug|Any CPU = Debug|Any CPU
		Release|Any CPU = Release|Any CPU
	EndGlobalSection
	GlobalSection(ProjectConfigurationPlatforms) = postSolution
		{CA6B5E07-919D-4325-A3AE-609E0F698342}.Debug|Any CPU.ActiveCfg = Debug|Any CPU
		{CA6B5E07-919D-4325-A3AE-609E0F698342}.Debug|Any CPU.Build.0 = Debug|Any CPU
		{CA6B5E07-919D-4325-A3AE-609E0F698342}.Release|Any CPU.ActiveCfg = Release|Any CPU
		{CA6B5E07-919D-4325-A3AE-609E0F698342}.Release|Any CPU.Build.0 = Release|Any CPU
	EndGlobalSection
	GlobalSection(SolutionProperties) = preSolution
		HideSolutionNode = FALSE
	EndGlobalSection
	GlobalSection(ExtensibilityGlobals) = postSolution
		SolutionGuid = {676D06E3-7ADB-4AE4-BB42-59301ED76780}
	EndGlobalSection
EndGlobal
